// !$*UTF8*$!
{
	archiveVersion = 1;
	classes = {
	};
	objectVersion = 46;
	objects = {

/* Begin PBXBuildFile section */
		2BBEB7744F1121238B1B6A2D /* Foundation.framework in Frameworks */ = {isa = PBXBuildFile; fileRef = 2A1D1EC909D977AC4474DC35 /* Foundation.framework */; };
		3105162B227BAF6DEED32B39 /* EimzoExampleApp.swift in Sources */ = {isa = PBXBuildFile; fileRef = AFFC0DDB5A2DDE15EF16FDBA /* EimzoExampleApp.swift */; };
		3AB25F8BEFB32C5831870960 /* DeepLink.swift in Sources */ = {isa = PBXBuildFile; fileRef = 16014BC75AC535D05C8BC7F8 /* DeepLink.swift */; };
		864616113B13352ED7EDB311 /* ContentView.swift in Sources */ = {isa = PBXBuildFile; fileRef = 3E5DCE2C5417F74AEEEE7D5E /* ContentView.swift */; };
		8D1C605C18F6A22468FC613C /* EimzoSDK in Frameworks */ = {isa = PBXBuildFile; productRef = 06510C9CC70440E2A8219B4C /* EimzoSDK */; };
/* End PBXBuildFile section */

/* Begin PBXFileReference section */
		051E6B0A83BD1EC868CBB6A2 /* EimzoExample.app */ = {isa = PBXFileReference; explicitFileType = wrapper.application; includeInIndex = 0; path = EimzoExample.app; sourceTree = BUILT_PRODUCTS_DIR; };
		0BE0D7E944A4BCB6A08D3B33 /* EimzoExample.entitlements */ = {isa = PBXFileReference; includeInIndex = 1; lastKnownFileType = text.plist.entitlements; path = EimzoExample.entitlements; sourceTree = "<group>"; };
		16014BC75AC535D05C8BC7F8 /* DeepLink.swift */ = {isa = PBXFileReference; includeInIndex = 1; lastKnownFileType = sourcecode.swift; path = DeepLink.swift; sourceTree = "<group>"; };
		2A1D1EC909D977AC4474DC35 /* Foundation.framework */ = {isa = PBXFileReference; lastKnownFileType = wrapper.framework; name = Foundation.framework; path = Platforms/iPhoneOS.platform/Developer/SDKs/iPhoneOS14.0.sdk/System/Library/Frameworks/Foundation.framework; sourceTree = DEVELOPER_DIR; };
		3E5DCE2C5417F74AEEEE7D5E /* ContentView.swift */ = {isa = PBXFileReference; includeInIndex = 1; lastKnownFileType = sourcecode.swift; path = ContentView.swift; sourceTree = "<group>"; };
		AFFC0DDB5A2DDE15EF16FDBA /* EimzoExampleApp.swift */ = {isa = PBXFileReference; includeInIndex = 1; lastKnownFileType = sourcecode.swift; path = EimzoExampleApp.swift; sourceTree = "<group>"; };
		DF845101965E94500E0FEF3D /* Info.plist */ = {isa = PBXFileReference; includeInIndex = 1; lastKnownFileType = text.plist.xml; path = Info.plist; sourceTree = "<group>"; };
/* End PBXFileReference section */

/* Begin PBXFrameworksBuildPhase section */
		2EADE9129A3CB8BB45F3E607 /* Frameworks */ = {
			isa = PBXFrameworksBuildPhase;
			buildActionMask = 2147483647;
			files = (
				2BBEB7744F1121238B1B6A2D /* Foundation.framework in Frameworks */,
				8D1C605C18F6A22468FC613C /* EimzoSDK in Frameworks */,
			);
			runOnlyForDeploymentPostprocessing = 0;
		};
/* End PBXFrameworksBuildPhase section */

/* Begin PBXGroup section */
		201EE23523F27E91CBA45D4B /* EimzoExample */ = {
			isa = PBXGroup;
			children = (
				AFFC0DDB5A2DDE15EF16FDBA /* EimzoExampleApp.swift */,
				3E5DCE2C5417F74AEEEE7D5E /* ContentView.swift */,
				16014BC75AC535D05C8BC7F8 /* DeepLink.swift */,
				DF845101965E94500E0FEF3D /* Info.plist */,
				0BE0D7E944A4BCB6A08D3B33 /* EimzoExample.entitlements */,
			);
			name = EimzoExample;
			path = EimzoExample;
			sourceTree = "<group>";
		};
		21A2EA82EB387B7BBB3236A3 /* iOS */ = {
			isa = PBXGroup;
			children = (
				2A1D1EC909D977AC4474DC35 /* Foundation.framework */,
			);
			name = iOS;
			sourceTree = "<group>";
		};
		92960A3EAB4DD60C011D4F39 = {
			isa = PBXGroup;
			children = (
				C00C5A58ED7A801F2417DBE2 /* Products */,
				A2E6E79F15ACA7754E4D2BC4 /* Frameworks */,
				201EE23523F27E91CBA45D4B /* EimzoExample */,
			);
			sourceTree = "<group>";
		};
		A2E6E79F15ACA7754E4D2BC4 /* Frameworks */ = {
			isa = PBXGroup;
			children = (
				21A2EA82EB387B7BBB3236A3 /* iOS */,
			);
			name = Frameworks;
			sourceTree = "<group>";
		};
		C00C5A58ED7A801F2417DBE2 /* Products */ = {
			isa = PBXGroup;
			children = (
				051E6B0A83BD1EC868CBB6A2 /* EimzoExample.app */,
			);
			name = Products;
			sourceTree = "<group>";
		};
/* End PBXGroup section */

/* Begin PBXNativeTarget section */
		A76751E27B99CE96100C68DB /* EimzoExample */ = {
			isa = PBXNativeTarget;
			buildConfigurationList = 74314391BB3BC904BF07C47D /* Build configuration list for PBXNativeTarget "EimzoExample" */;
			buildPhases = (
				31464A768A996CD545194137 /* Sources */,
				2EADE9129A3CB8BB45F3E607 /* Frameworks */,
				2521BE1B7D7D3A5909A7B5A6 /* Resources */,
			);
			buildRules = (
			);
			dependencies = (
			);
			name = EimzoExample;
			packageProductDependencies = (
				06510C9CC70440E2A8219B4C /* EimzoSDK */,
			);
			productName = EimzoExample;
			productReference = 051E6B0A83BD1EC868CBB6A2 /* EimzoExample.app */;
			productType = "com.apple.product-type.application";
		};
/* End PBXNativeTarget section */

/* Begin PBXProject section */
		13CFA80FB63D7D2A0ABEB0D0 /* Project object */ = {
			isa = PBXProject;
			attributes = {
				LastSwiftUpdateCheck = 1500;
				LastUpgradeCheck = 1600;
			};
			buildConfigurationList = AE737BA2A4D8F7992C1F5917 /* Build configuration list for PBXProject "EimzoExample" */;
			compatibilityVersion = "Xcode 3.2";
			developmentRegion = en;
			hasScannedForEncodings = 0;
			knownRegions = (
				en,
				Base,
			);
			mainGroup = 92960A3EAB4DD60C011D4F39;
			packageReferences = (
				BFFC3EE8A154C6C81448BB4D /* XCRemoteSwiftPackageReference "eimzo-ios-sdk" */,
			);
			productRefGroup = C00C5A58ED7A801F2417DBE2 /* Products */;
			projectDirPath = "";
			projectRoot = "";
			targets = (
				A76751E27B99CE96100C68DB /* EimzoExample */,
			);
		};
/* End PBXProject section */

/* Begin PBXResourcesBuildPhase section */
		2521BE1B7D7D3A5909A7B5A6 /* Resources */ = {
			isa = PBXResourcesBuildPhase;
			buildActionMask = 2147483647;
			files = (
			);
			runOnlyForDeploymentPostprocessing = 0;
		};
/* End PBXResourcesBuildPhase section */

/* Begin PBXSourcesBuildPhase section */
		31464A768A996CD545194137 /* Sources */ = {
			isa = PBXSourcesBuildPhase;
			buildActionMask = 2147483647;
			files = (
				3105162B227BAF6DEED32B39 /* EimzoExampleApp.swift in Sources */,
				864616113B13352ED7EDB311 /* ContentView.swift in Sources */,
				3AB25F8BEFB32C5831870960 /* DeepLink.swift in Sources */,
			);
			runOnlyForDeploymentPostprocessing = 0;
		};
/* End PBXSourcesBuildPhase section */

/* Begin XCBuildConfiguration section */
		7C2FD8B78FE9473EA11504A4 /* Release */ = {
			isa = XCBuildConfiguration;
			buildSettings = {
				ALWAYS_SEARCH_USER_PATHS = NO;
				CLANG_ANALYZER_NONNULL = YES;
				CLANG_ANALYZER_NUMBER_OBJECT_CONVERSION = YES_AGGRESSIVE;
				CLANG_CXX_LANGUAGE_STANDARD = "gnu++14";
				CLANG_CXX_LIBRARY = "libc++";
				CLANG_ENABLE_MODULES = YES;
				CLANG_ENABLE_OBJC_ARC = YES;
				CLANG_ENABLE_OBJC_WEAK = YES;
				CLANG_WARN_BLOCK_CAPTURE_AUTORELEASING = YES;
				CLANG_WARN_BOOL_CONVERSION = YES;
				CLANG_WARN_COMMA = YES;
				CLANG_WARN_CONSTANT_CONVERSION = YES;
				CLANG_WARN_DEPRECATED_OBJC_IMPLEMENTATIONS = YES;
				CLANG_WARN_DIRECT_OBJC_ISA_USAGE = YES_ERROR;
				CLANG_WARN_DOCUMENTATION_COMMENTS = YES;
				CLANG_WARN_EMPTY_BODY = YES;
				CLANG_WARN_ENUM_CONVERSION = YES;
				CLANG_WARN_INFINITE_RECURSION = YES;
				CLANG_WARN_INT_CONVERSION = YES;
				CLANG_WARN_NON_LITERAL_NULL_CONVERSION = YES;
				CLANG_WARN_OBJC_IMPLICIT_RETAIN_SELF = YES;
				CLANG_WARN_OBJC_LITERAL_CONVERSION = YES;
				CLANG_WARN_OBJC_ROOT_CLASS = YES_ERROR;
				CLANG_WARN_QUOTED_INCLUDE_IN_FRAMEWORK_HEADER = YES;
				CLANG_WARN_RANGE_LOOP_ANALYSIS = YES;
				CLANG_WARN_STRICT_PROTOTYPES = YES;
				CLANG_WARN_SUSPICIOUS_MOVE = YES;
				CLANG_WARN_UNGUARDED_AVAILABILITY = YES_AGGRESSIVE;
				CLANG_WARN_UNREACHABLE_CODE = YES;
				CLANG_WARN__DUPLICATE_METHOD_MATCH = YES;
				COPY_PHASE_STRIP = NO;
				DEBUG_INFORMATION_FORMAT = "dwarf-with-dsym";
				ENABLE_NS_ASSERTIONS = NO;
				ENABLE_STRICT_OBJC_MSGSEND = YES;
				GCC_C_LANGUAGE_STANDARD = gnu11;
				GCC_NO_COMMON_BLOCKS = YES;
				GCC_WARN_64_TO_32_BIT_CONVERSION = YES;
				GCC_WARN_ABOUT_RETURN_TYPE = YES_ERROR;
				GCC_WARN_UNDECLARED_SELECTOR = YES;
				GCC_WARN_UNINITIALIZED_AUTOS = YES_AGGRESSIVE;
				GCC_WARN_UNUSED_FUNCTION = YES;
				GCC_WARN_UNUSED_VARIABLE = YES;
				MTL_ENABLE_DEBUG_INFO = NO;
				MTL_FAST_MATH = YES;
				PRODUCT_NAME = "$(TARGET_NAME)";
				SWIFT_COMPILATION_MODE = wholemodule;
				SWIFT_OPTIMIZATION_LEVEL = "-O";
				SWIFT_VERSION = 5.0;
			};
			name = Release;
		};
		97B9A2A6D2E8C7C73434B69D /* Release */ = {
			isa = XCBuildConfiguration;
			buildSettings = {
				ASSETCATALOG_COMPILER_APPICON_NAME = AppIcon;
				ASSETCATALOG_COMPILER_GLOBAL_ACCENT_COLOR_NAME = AccentColor;
				CLANG_ENABLE_OBJC_WEAK = NO;
				CODE_SIGN_ENTITLEMENTS = EimzoExample/EimzoExample.entitlements;
				CODE_SIGN_STYLE = Automatic;
				CURRENT_PROJECT_VERSION = 1;
				DEVELOPMENT_TEAM = "";
				ENABLE_PREVIEWS = YES;
				GENERATE_INFOPLIST_FILE = NO;
				INFOPLIST_FILE = EimzoExample/Info.plist;
				IPHONEOS_DEPLOYMENT_TARGET = 16.0;
				LD_RUNPATH_SEARCH_PATHS = "$(inherited) @executable_path/Frameworks";
				MARKETING_VERSION = 2.1.2;
				PRODUCT_BUNDLE_IDENTIFIER = uz.eimzo.example;
				PRODUCT_NAME = "$(TARGET_NAME)";
				SDKROOT = iphoneos;
				SWIFT_VERSION = 5.9;
				TARGETED_DEVICE_FAMILY = 1;
				VALIDATE_PRODUCT = YES;
			};
			name = Release;
		};
		A396CB358ACB024FA6070E91 /* Debug */ = {
			isa = XCBuildConfiguration;
			buildSettings = {
				ALWAYS_SEARCH_USER_PATHS = NO;
				CLANG_ANALYZER_NONNULL = YES;
				CLANG_ANALYZER_NUMBER_OBJECT_CONVERSION = YES_AGGRESSIVE;
				CLANG_CXX_LANGUAGE_STANDARD = "gnu++14";
				CLANG_CXX_LIBRARY = "libc++";
				CLANG_ENABLE_MODULES = YES;
				CLANG_ENABLE_OBJC_ARC = YES;
				CLANG_ENABLE_OBJC_WEAK = YES;
				CLANG_WARN_BLOCK_CAPTURE_AUTORELEASING = YES;
				CLANG_WARN_BOOL_CONVERSION = YES;
				CLANG_WARN_COMMA = YES;
				CLANG_WARN_CONSTANT_CONVERSION = YES;
				CLANG_WARN_DEPRECATED_OBJC_IMPLEMENTATIONS = YES;
				CLANG_WARN_DIRECT_OBJC_ISA_USAGE = YES_ERROR;
				CLANG_WARN_DOCUMENTATION_COMMENTS = YES;
				CLANG_WARN_EMPTY_BODY = YES;
				CLANG_WARN_ENUM_CONVERSION = YES;
				CLANG_WARN_INFINITE_RECURSION = YES;
				CLANG_WARN_INT_CONVERSION = YES;
				CLANG_WARN_NON_LITERAL_NULL_CONVERSION = YES;
				CLANG_WARN_OBJC_IMPLICIT_RETAIN_SELF = YES;
				CLANG_WARN_OBJC_LITERAL_CONVERSION = YES;
				CLANG_WARN_OBJC_ROOT_CLASS = YES_ERROR;
				CLANG_WARN_QUOTED_INCLUDE_IN_FRAMEWORK_HEADER = YES;
				CLANG_WARN_RANGE_LOOP_ANALYSIS = YES;
				CLANG_WARN_STRICT_PROTOTYPES = YES;
				CLANG_WARN_SUSPICIOUS_MOVE = YES;
				CLANG_WARN_UNGUARDED_AVAILABILITY = YES_AGGRESSIVE;
				CLANG_WARN_UNREACHABLE_CODE = YES;
				CLANG_WARN__DUPLICATE_METHOD_MATCH = YES;
				COPY_PHASE_STRIP = NO;
				DEBUG_INFORMATION_FORMAT = dwarf;
				ENABLE_STRICT_OBJC_MSGSEND = YES;
				ENABLE_TESTABILITY = YES;
				GCC_C_LANGUAGE_STANDARD = gnu11;
				GCC_DYNAMIC_NO_PIC = NO;
				GCC_NO_COMMON_BLOCKS = YES;
				GCC_OPTIMIZATION_LEVEL = 0;
				GCC_PREPROCESSOR_DEFINITIONS = (
					"DEBUG=1",
					"$(inherited)",
				);
				GCC_WARN_64_TO_32_BIT_CONVERSION = YES;
				GCC_WARN_ABOUT_RETURN_TYPE = YES_ERROR;
				GCC_WARN_UNDECLARED_SELECTOR = YES;
				GCC_WARN_UNINITIALIZED_AUTOS = YES_AGGRESSIVE;
				GCC_WARN_UNUSED_FUNCTION = YES;
				GCC_WARN_UNUSED_VARIABLE = YES;
				MTL_ENABLE_DEBUG_INFO = INCLUDE_SOURCE;
				MTL_FAST_MATH = YES;
				ONLY_ACTIVE_ARCH = YES;
				PRODUCT_NAME = "$(TARGET_NAME)";
				SWIFT_ACTIVE_COMPILATION_CONDITIONS = DEBUG;
				SWIFT_OPTIMIZATION_LEVEL = "-Onone";
				SWIFT_VERSION = 5.0;
			};
			name = Debug;
		};
		CC36978AB085A9DC8EA5BF93 /* Debug */ = {
			isa = XCBuildConfiguration;
			buildSettings = {
				ASSETCATALOG_COMPILER_APPICON_NAME = AppIcon;
				ASSETCATALOG_COMPILER_GLOBAL_ACCENT_COLOR_NAME = AccentColor;
				CLANG_ENABLE_OBJC_WEAK = NO;
				CODE_SIGN_ENTITLEMENTS = EimzoExample/EimzoExample.entitlements;
				CODE_SIGN_STYLE = Automatic;
				CURRENT_PROJECT_VERSION = 1;
				DEVELOPMENT_TEAM = "";
				ENABLE_PREVIEWS = YES;
				GENERATE_INFOPLIST_FILE = NO;
				INFOPLIST_FILE = EimzoExample/Info.plist;
				IPHONEOS_DEPLOYMENT_TARGET = 16.0;
				LD_RUNPATH_SEARCH_PATHS = "$(inherited) @executable_path/Frameworks";
				MARKETING_VERSION = 2.1.2;
				PRODUCT_BUNDLE_IDENTIFIER = uz.eimzo.example;
				PRODUCT_NAME = "$(TARGET_NAME)";
				SDKROOT = iphoneos;
				SWIFT_VERSION = 5.9;
				TARGETED_DEVICE_FAMILY = 1;
			};
			name = Debug;
		};
/* End XCBuildConfiguration section */

/* Begin XCConfigurationList section */
		74314391BB3BC904BF07C47D /* Build configuration list for PBXNativeTarget "EimzoExample" */ = {
			isa = XCConfigurationList;
			buildConfigurations = (
				97B9A2A6D2E8C7C73434B69D /* Release */,
				CC36978AB085A9DC8EA5BF93 /* Debug */,
			);
			defaultConfigurationIsVisible = 0;
			defaultConfigurationName = Release;
		};
		AE737BA2A4D8F7992C1F5917 /* Build configuration list for PBXProject "EimzoExample" */ = {
			isa = XCConfigurationList;
			buildConfigurations = (
				A396CB358ACB024FA6070E91 /* Debug */,
				7C2FD8B78FE9473EA11504A4 /* Release */,
			);
			defaultConfigurationIsVisible = 0;
			defaultConfigurationName = Release;
		};
/* End XCConfigurationList section */

/* Begin XCRemoteSwiftPackageReference section */
		BFFC3EE8A154C6C81448BB4D /* XCRemoteSwiftPackageReference "eimzo-ios-sdk" */ = {
			isa = XCRemoteSwiftPackageReference;
			repositoryURL = "https://github.com/peachdev-uz/eimzo-ios-sdk";
			requirement = {
				kind = upToNextMajorVersion;
				minimumVersion = 2.1.2;
			};
		};
/* End XCRemoteSwiftPackageReference section */

/* Begin XCSwiftPackageProductDependency section */
		06510C9CC70440E2A8219B4C /* EimzoSDK */ = {
			isa = XCSwiftPackageProductDependency;
			package = BFFC3EE8A154C6C81448BB4D /* XCRemoteSwiftPackageReference "eimzo-ios-sdk" */;
			productName = EimzoSDK;
		};
/* End XCSwiftPackageProductDependency section */
	};
	rootObject = 13CFA80FB63D7D2A0ABEB0D0 /* Project object */;
}
